{
    "version": 3,
    "terraform_version": "0.11.11",
    "serial": 9,
    "lineage": "0fe51e3e-a78a-5987-26fc-10dfe933f563",
    "modules": [
        {
            "path": [
                "root"
            ],
            "outputs": {},
            "resources": {
                "aws_iam_role.iam_for_lambda": {
                    "type": "aws_iam_role",
                    "depends_on": [],
                    "primary": {
                        "id": "s3-event-trigger-role",
                        "attributes": {
                            "arn": "arn:aws:iam::339406815644:role/s3-event-trigger-role",
                            "assume_role_policy": "{\"Version\":\"2012-10-17\",\"Statement\":[{\"Sid\":\"\",\"Effect\":\"Allow\",\"Principal\":{\"Service\":\"lambda.amazonaws.com\"},\"Action\":\"sts:AssumeRole\"}]}",
                            "create_date": "2019-03-28T11:39:02Z",
                            "description": "",
                            "force_detach_policies": "false",
                            "id": "s3-event-trigger-role",
                            "max_session_duration": "3600",
                            "name": "s3-event-trigger-role",
                            "path": "/",
                            "tags.%": "0",
                            "unique_id": "AROAU6BRZAGOHFRPMCEZB"
                        },
                        "meta": {},
                        "tainted": false
                    },
                    "deposed": [],
                    "provider": "provider.aws"
                },
                "aws_iam_role_policy_attachment.role-policy-attachment": {
                    "type": "aws_iam_role_policy_attachment",
                    "depends_on": [
                        "aws_iam_role.iam_for_lambda"
                    ],
                    "primary": {
                        "id": "s3-event-trigger-role-20190328121055583000000001",
                        "attributes": {
                            "id": "s3-event-trigger-role-20190328121055583000000001",
                            "policy_arn": "arn:aws:iam::aws:policy/CloudWatchFullAccess",
                            "role": "s3-event-trigger-role"
                        },
                        "meta": {},
                        "tainted": false
                    },
                    "deposed": [],
                    "provider": "provider.aws"
                },
                "aws_lambda_function.s3trigger_lambda": {
                    "type": "aws_lambda_function",
                    "depends_on": [
                        "aws_iam_role.iam_for_lambda"
                    ],
                    "primary": {
                        "id": "s3Trigger",
                        "attributes": {
                            "arn": "arn:aws:lambda:us-east-1:339406815644:function:s3Trigger",
                            "dead_letter_config.#": "0",
                            "description": "",
                            "environment.#": "0",
                            "filename": "index.zip",
                            "function_name": "s3Trigger",
                            "handler": "index.handler",
                            "id": "s3Trigger",
                            "invoke_arn": "arn:aws:apigateway:us-east-1:lambda:path/2015-03-31/functions/arn:aws:lambda:us-east-1:339406815644:function:s3Trigger/invocations",
                            "kms_key_arn": "",
                            "last_modified": "2019-03-28T11:55:25.129+0000",
                            "layers.#": "0",
                            "memory_size": "128",
                            "publish": "false",
                            "qualified_arn": "arn:aws:lambda:us-east-1:339406815644:function:s3Trigger:$LATEST",
                            "reserved_concurrent_executions": "-1",
                            "role": "arn:aws:iam::339406815644:role/s3-event-trigger-role",
                            "runtime": "nodejs8.10",
                            "source_code_hash": "7Cc/ZLzYNG26k9DZxArtk9lXka36d67gmio8p4MNliw=",
                            "source_code_size": "242",
                            "tags.%": "0",
                            "timeout": "3",
                            "tracing_config.#": "1",
                            "tracing_config.0.mode": "PassThrough",
                            "version": "$LATEST",
                            "vpc_config.#": "0"
                        },
                        "meta": {
                            "e2bfb730-ecaa-11e6-8f88-34363bc7c4c0": {
                                "create": 600000000000
                            }
                        },
                        "tainted": false
                    },
                    "deposed": [],
                    "provider": "provider.aws"
                },
                "aws_lambda_permission.allow_bucket": {
                    "type": "aws_lambda_permission",
                    "depends_on": [
                        "aws_lambda_function.s3trigger_lambda",
                        "aws_s3_bucket.s3bucket"
                    ],
                    "primary": {
                        "id": "AllowExecutionFromS3Bucket",
                        "attributes": {
                            "action": "lambda:InvokeFunction",
                            "function_name": "arn:aws:lambda:us-east-1:339406815644:function:s3Trigger",
                            "id": "AllowExecutionFromS3Bucket",
                            "principal": "s3.amazonaws.com",
                            "qualifier": "",
                            "source_arn": "arn:aws:s3:::s3-task",
                            "statement_id": "AllowExecutionFromS3Bucket"
                        },
                        "meta": {},
                        "tainted": false
                    },
                    "deposed": [],
                    "provider": "provider.aws"
                },
                "aws_s3_bucket.s3bucket": {
                    "type": "aws_s3_bucket",
                    "depends_on": [],
                    "primary": {
                        "id": "s3-task",
                        "attributes": {
                            "acceleration_status": "",
                            "acl": "public-read",
                            "arn": "arn:aws:s3:::s3-task",
                            "bucket": "s3-task",
                            "bucket_domain_name": "s3-task.s3.amazonaws.com",
                            "bucket_regional_domain_name": "s3-task.s3.amazonaws.com",
                            "cors_rule.#": "0",
                            "force_destroy": "false",
                            "hosted_zone_id": "Z3AQBSTGFYJSTF",
                            "id": "s3-task",
                            "lifecycle_rule.#": "0",
                            "logging.#": "0",
                            "object_lock_configuration.#": "0",
                            "policy": "{\"Statement\":[{\"Action\":\"s3:GetObject\",\"Effect\":\"Allow\",\"Principal\":{\"AWS\":\"*\"},\"Resource\":\"arn:aws:s3:::s3-task/*\",\"Sid\":\"PublicReadForGetBucketObjects\"}],\"Version\":\"2012-10-17\"}",
                            "region": "us-east-1",
                            "replication_configuration.#": "0",
                            "request_payer": "BucketOwner",
                            "server_side_encryption_configuration.#": "0",
                            "tags.%": "0",
                            "versioning.#": "1",
                            "versioning.0.enabled": "true",
                            "versioning.0.mfa_delete": "false",
                            "website.#": "0"
                        },
                        "meta": {},
                        "tainted": false
                    },
                    "deposed": [],
                    "provider": "provider.aws"
                },
                "aws_s3_bucket_notification.bucket_notification": {
                    "type": "aws_s3_bucket_notification",
                    "depends_on": [
                        "aws_lambda_function.s3trigger_lambda",
                        "aws_s3_bucket.s3bucket"
                    ],
                    "primary": {
                        "id": "s3-task",
                        "attributes": {
                            "bucket": "s3-task",
                            "id": "s3-task",
                            "lambda_function.#": "1",
                            "lambda_function.0.events.#": "1",
                            "lambda_function.0.events.3356830603": "s3:ObjectCreated:*",
                            "lambda_function.0.filter_prefix": "",
                            "lambda_function.0.filter_suffix": "",
                            "lambda_function.0.id": "tf-s3-lambda-20190328114445015300000001",
                            "lambda_function.0.lambda_function_arn": "arn:aws:lambda:us-east-1:339406815644:function:s3Trigger",
                            "queue.#": "0",
                            "topic.#": "0"
                        },
                        "meta": {},
                        "tainted": false
                    },
                    "deposed": [],
                    "provider": "provider.aws"
                },
                "aws_s3_bucket_object.s3files": {
                    "type": "aws_s3_bucket_object",
                    "depends_on": [
                        "aws_s3_bucket.s3bucket"
                    ],
                    "primary": {
                        "id": "index.html",
                        "attributes": {
                            "acl": "private",
                            "bucket": "s3-task",
                            "cache_control": "",
                            "content_disposition": "",
                            "content_encoding": "",
                            "content_language": "",
                            "content_type": "text/html",
                            "etag": "954324b80d0077949140a8f099a385aa",
                            "id": "index.html",
                            "key": "index.html",
                            "server_side_encryption": "",
                            "source": "D:/Terraform/route53-cloudfront-s3/index.html",
                            "storage_class": "STANDARD",
                            "tags.%": "0",
                            "version_id": "9cgZ1F9mQGy8jogjZPArW3kgaFEGX9Vp",
                            "website_redirect": ""
                        },
                        "meta": {},
                        "tainted": false
                    },
                    "deposed": [],
                    "provider": "provider.aws"
                }
            },
            "depends_on": []
        }
    ]
}
